# THIS IS AN AUTOGENERATED FILE. DO NOT EDIT THIS FILE DIRECTLY.
# yarn lockfile v1


minimist@0.0.8:
  version "0.0.8"
  resolved "http://registry.npmjs.org/minimist/-/minimist-0.0.8.tgz#857fcabfc3397d2625b8228262e86aa7a011b05d"

mkdirp@^0.5.1:
  version "0.5.1"
  resolved "http://registry.npmjs.org/mkdirp/-/mkdirp-0.5.1.tgz#30057438eac6cf7f8c4767f38648d6697d75c903"
  dependencies:
    minimist "0.0.8"

nova-colors@^2.1.5:
  version "2.1.5"
  resolved "https://registry.yarnpkg.com/nova-colors/-/nova-colors-2.1.5.tgz#9d03da38e8b69b07aced888e4d9a44800caa5644"

yaml@^1.0.0:
  version "1.0.0"
  resolved "https://registry.yarnpkg.com/yaml/-/yaml-1.0.0.tgz#9d428cd4641c87ff4b17b2d4f4ab96bb6dd17154"
